
Microsoft Visual Studio Solution File, Format Version 10.00
# Visual Studio 2008
Project("{8BC9CEB8-8B4A-11D0-8D11-00A0C91BC942}") = "T01EYES", "T01EYES.vcproj", "{5330A3C6-ADAC-4F4B-88B2-81DD53A927ED}"
EndProject
Global
	GlobalSection(SolutionConfigurationPlatforms) = preSolution
		Debug|Win32 = Debug|Win32
		Release|Win32 = Release|Win32
	EndGlobalSection
	GlobalSection(ProjectConfigurationPlatforms) = postSolution
		{5330A3C6-ADAC-4F4B-88B2-81DD53A927ED}.Debug|Win32.ActiveCfg = Debug|Win32
		{5330A3C6-ADAC-4F4B-88B2-81DD53A927ED}.Debug|Win32.Build.0 = Debug|Win32
		{5330A3C6-ADAC-4F4B-88B2-81DD53A927ED}.Release|Win32.ActiveCfg = Release|Win32
		{5330A3C6-ADAC-4F4B-88B2-81DD53A927ED}.Release|Win32.Build.0 = Release|Win32
	EndGlobalSection
	GlobalSection(SolutionProperties) = preSolution
		HideSolutionNode = FALSE
	EndGlobalSection
EndGlobal
